
Microsoft Visual Studio Solution File, Format Version 12.00
# Visual Studio Version 17
VisualStudioVersion = 17.11.35312.102
MinimumVisualStudioVersion = 10.0.40219.1
Project("{9A19103F-16F7-4668-BE54-9A1E7A4F7556}") = "SelectionProcessAdministration", "SelectionProcessAdministration\SelectionProcessAdministration.csproj", "{037FA832-10CB-4B94-AB9D-8DF2F44DE315}"
EndProject
Project("{FAE04EC0-301F-11D3-BF4B-00C04F79EFBC}") = "Recruiters.Domain", "Recruiters.Domain\Recruiters.Domain.csproj", "{38178751-70B6-43DF-B2BA-5ACE00333F6E}"
EndProject
Project("{FAE04EC0-301F-11D3-BF4B-00C04F79EFBC}") = "Recruiters.Application", "Recruiter.Application\Recruiters.Application.csproj", "{461638CA-044E-4B26-AA02-6B17E02E7AA0}"
EndProject
Project("{FAE04EC0-301F-11D3-BF4B-00C04F79EFBC}") = "Recruiters.Infraestructure", "Recruiter.Infraestructure\Recruiters.Infraestructure.csproj", "{F4D28D8F-12E8-4333-BDAA-A3E2944F1926}"
EndProject
Global
	GlobalSection(SolutionConfigurationPlatforms) = preSolution
		Debug|Any CPU = Debug|Any CPU
		Release|Any CPU = Release|Any CPU
	EndGlobalSection
	GlobalSection(ProjectConfigurationPlatforms) = postSolution
		{037FA832-10CB-4B94-AB9D-8DF2F44DE315}.Debug|Any CPU.ActiveCfg = Debug|Any CPU
		{037FA832-10CB-4B94-AB9D-8DF2F44DE315}.Debug|Any CPU.Build.0 = Debug|Any CPU
		{037FA832-10CB-4B94-AB9D-8DF2F44DE315}.Release|Any CPU.ActiveCfg = Release|Any CPU
		{037FA832-10CB-4B94-AB9D-8DF2F44DE315}.Release|Any CPU.Build.0 = Release|Any CPU
		{38178751-70B6-43DF-B2BA-5ACE00333F6E}.Debug|Any CPU.ActiveCfg = Debug|Any CPU
		{38178751-70B6-43DF-B2BA-5ACE00333F6E}.Debug|Any CPU.Build.0 = Debug|Any CPU
		{38178751-70B6-43DF-B2BA-5ACE00333F6E}.Release|Any CPU.ActiveCfg = Release|Any CPU
		{38178751-70B6-43DF-B2BA-5ACE00333F6E}.Release|Any CPU.Build.0 = Release|Any CPU
		{461638CA-044E-4B26-AA02-6B17E02E7AA0}.Debug|Any CPU.ActiveCfg = Debug|Any CPU
		{461638CA-044E-4B26-AA02-6B17E02E7AA0}.Debug|Any CPU.Build.0 = Debug|Any CPU
		{461638CA-044E-4B26-AA02-6B17E02E7AA0}.Release|Any CPU.ActiveCfg = Release|Any CPU
		{461638CA-044E-4B26-AA02-6B17E02E7AA0}.Release|Any CPU.Build.0 = Release|Any CPU
		{F4D28D8F-12E8-4333-BDAA-A3E2944F1926}.Debug|Any CPU.ActiveCfg = Debug|Any CPU
		{F4D28D8F-12E8-4333-BDAA-A3E2944F1926}.Debug|Any CPU.Build.0 = Debug|Any CPU
		{F4D28D8F-12E8-4333-BDAA-A3E2944F1926}.Release|Any CPU.ActiveCfg = Release|Any CPU
		{F4D28D8F-12E8-4333-BDAA-A3E2944F1926}.Release|Any CPU.Build.0 = Release|Any CPU
	EndGlobalSection
	GlobalSection(SolutionProperties) = preSolution
		HideSolutionNode = FALSE
	EndGlobalSection
	GlobalSection(ExtensibilityGlobals) = postSolution
		SolutionGuid = {46252D9F-C4A0-4554-AA26-2490868DA1D2}
	EndGlobalSection
EndGlobal
